
Microsoft Visual Studio Solution File, Format Version 12.00
# Visual Studio Version 16
VisualStudioVersion = 16.0.30717.126
MinimumVisualStudioVersion = 10.0.40219.1
Project("{FAE04EC0-301F-11D3-BF4B-00C04F79EFBC}") = "Mindustry Compiler", "Mindustry Compiler\Mindustry Compiler.csproj", "{61506563-AC69-4D98-A616-E224EF2564DA}"
EndProject
Global
	GlobalSection(SolutionConfigurationPlatforms) = preSolution
		Debug|Any CPU = Debug|Any CPU
		Release|Any CPU = Release|Any CPU
	EndGlobalSection
	GlobalSection(ProjectConfigurationPlatforms) = postSolution
		{61506563-AC69-4D98-A616-E224EF2564DA}.Debug|Any CPU.ActiveCfg = Debug|Any CPU
		{61506563-AC69-4D98-A616-E224EF2564DA}.Debug|Any CPU.Build.0 = Debug|Any CPU
		{61506563-AC69-4D98-A616-E224EF2564DA}.Release|Any CPU.ActiveCfg = Release|Any CPU
		{61506563-AC69-4D98-A616-E224EF2564DA}.Release|Any CPU.Build.0 = Release|Any CPU
	EndGlobalSection
	GlobalSection(SolutionProperties) = preSolution
		HideSolutionNode = FALSE
	EndGlobalSection
	GlobalSection(ExtensibilityGlobals) = postSolution
		SolutionGuid = {62D9FD0C-4799-4381-8A1F-8A721483C5F9}
	EndGlobalSection
EndGlobal
